
Microsoft Visual Studio Solution File, Format Version 12.00
# Visual Studio Version 17
VisualStudioVersion = 17.8.34322.80
MinimumVisualStudioVersion = 10.0.40219.1
Project("{FAE04EC0-301F-11D3-BF4B-00C04F79EFBC}") = "FinancialManager.Test", "FinancialManager.Test\FinancialManager.Test.csproj", "{CACFC87D-7640-4856-AEA0-211F96204177}"
EndProject
Project("{FAE04EC0-301F-11D3-BF4B-00C04F79EFBC}") = "FinancialManager.Domain", "FinancialManager.Domain\FinancialManager.Domain.csproj", "{3E3B95AB-4E27-49FA-9B70-E5BA8C6003FA}"
EndProject
Global
	GlobalSection(SolutionConfigurationPlatforms) = preSolution
		Debug|Any CPU = Debug|Any CPU
		Release|Any CPU = Release|Any CPU
	EndGlobalSection
	GlobalSection(ProjectConfigurationPlatforms) = postSolution
		{CACFC87D-7640-4856-AEA0-211F96204177}.Debug|Any CPU.ActiveCfg = Debug|Any CPU
		{CACFC87D-7640-4856-AEA0-211F96204177}.Debug|Any CPU.Build.0 = Debug|Any CPU
		{CACFC87D-7640-4856-AEA0-211F96204177}.Release|Any CPU.ActiveCfg = Release|Any CPU
		{CACFC87D-7640-4856-AEA0-211F96204177}.Release|Any CPU.Build.0 = Release|Any CPU
		{3E3B95AB-4E27-49FA-9B70-E5BA8C6003FA}.Debug|Any CPU.ActiveCfg = Debug|Any CPU
		{3E3B95AB-4E27-49FA-9B70-E5BA8C6003FA}.Debug|Any CPU.Build.0 = Debug|Any CPU
		{3E3B95AB-4E27-49FA-9B70-E5BA8C6003FA}.Release|Any CPU.ActiveCfg = Release|Any CPU
		{3E3B95AB-4E27-49FA-9B70-E5BA8C6003FA}.Release|Any CPU.Build.0 = Release|Any CPU
	EndGlobalSection
	GlobalSection(SolutionProperties) = preSolution
		HideSolutionNode = FALSE
	EndGlobalSection
	GlobalSection(ExtensibilityGlobals) = postSolution
		SolutionGuid = {2ACECE95-9E91-40BA-8DEC-6755E91C5B62}
	EndGlobalSection
EndGlobal
